{
  "name": "my-express",
  "version": "1.0.0",
  "lockfileVersion": 1,
  "requires": true,
  "dependencies": {
    "express-rate-limit": {
      "version": "6.7.0",
      "resolved": "https://abinbev.jfrog.io/artifactory/api/npm/aurora-repository/express-rate-limit/-/express-rate-limit-6.7.0.tgz",
      "integrity": "sha512-vhwIdRoqcYB/72TK3tRZI+0ttS8Ytrk24GfmsxDXK9o9IhHNO5bXRiXQSExPQ4GbaE5tvIS7j1SGrxsuWs+sGA=="
    }
  }
}
